// !$*UTF8*$!
{
	archiveVersion = 1;
	classes = {
	};
	objectVersion = 46;
	objects = {

/* Begin PBXBuildFile section */
		95DBA8341DD953B300DCE35B /* main.m in Sources */ = {isa = PBXBuildFile; fileRef = 95DBA8331DD953B300DCE35B /* main.m */; };
		95DBA8371DD953B300DCE35B /* AppDelegate.m in Sources */ = {isa = PBXBuildFile; fileRef = 95DBA8361DD953B300DCE35B /* AppDelegate.m */; };
		95DBA83A1DD953B300DCE35B /* FirstViewController.m in Sources */ = {isa = PBXBuildFile; fileRef = 95DBA8391DD953B300DCE35B /* FirstViewController.m */; };
		95DBA83D1DD953B300DCE35B /* SecondViewController.m in Sources */ = {isa = PBXBuildFile; fileRef = 95DBA83C1DD953B300DCE35B /* SecondViewController.m */; };
		95DBA8401DD953B300DCE35B /* Main.storyboard in Resources */ = {isa = PBXBuildFile; fileRef = 95DBA83E1DD953B300DCE35B /* Main.storyboard */; };
		95DBA8421DD953B300DCE35B /* Assets.xcassets in Resources */ = {isa = PBXBuildFile; fileRef = 95DBA8411DD953B300DCE35B /* Assets.xcassets */; };
		95DBA8451DD953B300DCE35B /* LaunchScreen.storyboard in Resources */ = {isa = PBXBuildFile; fileRef = 95DBA8431DD953B300DCE35B /* LaunchScreen.storyboard */; };
		95DBA84E1DD95CE200DCE35B /* StepperValueLabel.m in Sources */ = {isa = PBXBuildFile; fileRef = 95DBA84D1DD95CE200DCE35B /* StepperValueLabel.m */; };
/* End PBXBuildFile section */

/* Begin PBXFileReference section */
		95DBA82F1DD953B300DCE35B /* notificationWork.app */ = {isa = PBXFileReference; explicitFileType = wrapper.application; includeInIndex = 0; path = notificationWork.app; sourceTree = BUILT_PRODUCTS_DIR; };
		95DBA8331DD953B300DCE35B /* main.m */ = {isa = PBXFileReference; lastKnownFileType = sourcecode.c.objc; path = main.m; sourceTree = "<group>"; };
		95DBA8351DD953B300DCE35B /* AppDelegate.h */ = {isa = PBXFileReference; lastKnownFileType = sourcecode.c.h; path = AppDelegate.h; sourceTree = "<group>"; };
		95DBA8361DD953B300DCE35B /* AppDelegate.m */ = {isa = PBXFileReference; lastKnownFileType = sourcecode.c.objc; path = AppDelegate.m; sourceTree = "<group>"; };
		95DBA8381DD953B300DCE35B /* FirstViewController.h */ = {isa = PBXFileReference; lastKnownFileType = sourcecode.c.h; path = FirstViewController.h; sourceTree = "<group>"; };
		95DBA8391DD953B300DCE35B /* FirstViewController.m */ = {isa = PBXFileReference; lastKnownFileType = sourcecode.c.objc; path = FirstViewController.m; sourceTree = "<group>"; };
		95DBA83B1DD953B300DCE35B /* SecondViewController.h */ = {isa = PBXFileReference; lastKnownFileType = sourcecode.c.h; path = SecondViewController.h; sourceTree = "<group>"; };
		95DBA83C1DD953B300DCE35B /* SecondViewController.m */ = {isa = PBXFileReference; lastKnownFileType = sourcecode.c.objc; path = SecondViewController.m; sourceTree = "<group>"; };
		95DBA83F1DD953B300DCE35B /* Base */ = {isa = PBXFileReference; lastKnownFileType = file.storyboard; name = Base; path = Base.lproj/Main.storyboard; sourceTree = "<group>"; };
		95DBA8411DD953B300DCE35B /* Assets.xcassets */ = {isa = PBXFileReference; lastKnownFileType = folder.assetcatalog; path = Assets.xcassets; sourceTree = "<group>"; };
		95DBA8441DD953B300DCE35B /* Base */ = {isa = PBXFileReference; lastKnownFileType = file.storyboard; name = Base; path = Base.lproj/LaunchScreen.storyboard; sourceTree = "<group>"; };
		95DBA8461DD953B300DCE35B /* Info.plist */ = {isa = PBXFileReference; lastKnownFileType = text.plist.xml; path = Info.plist; sourceTree = "<group>"; };
		95DBA84C1DD95CE200DCE35B /* StepperValueLabel.h */ = {isa = PBXFileReference; fileEncoding = 4; lastKnownFileType = sourcecode.c.h; path = StepperValueLabel.h; sourceTree = "<group>"; };
		95DBA84D1DD95CE200DCE35B /* StepperValueLabel.m */ = {isa = PBXFileReference; fileEncoding = 4; lastKnownFileType = sourcecode.c.objc; path = StepperValueLabel.m; sourceTree = "<group>"; };
/* End PBXFileReference section */

/* Begin PBXFrameworksBuildPhase section */
		95DBA82C1DD953B300DCE35B /* Frameworks */ = {
			isa = PBXFrameworksBuildPhase;
			buildActionMask = 2147483647;
			files = (
			);
			runOnlyForDeploymentPostprocessing = 0;
		};
/* End PBXFrameworksBuildPhase section */

/* Begin PBXGroup section */
		95DBA8261DD953B300DCE35B = {
			isa = PBXGroup;
			children = (
				95DBA8311DD953B300DCE35B /* notificationWork */,
				95DBA8301DD953B300DCE35B /* Products */,
			);
			sourceTree = "<group>";
		};
		95DBA8301DD953B300DCE35B /* Products */ = {
			isa = PBXGroup;
			children = (
				95DBA82F1DD953B300DCE35B /* notificationWork.app */,
			);
			name = Products;
			sourceTree = "<group>";
		};
		95DBA8311DD953B300DCE35B /* notificationWork */ = {
			isa = PBXGroup;
			children = (
				95DBA8351DD953B300DCE35B /* AppDelegate.h */,
				95DBA8361DD953B300DCE35B /* AppDelegate.m */,
				95DBA8381DD953B300DCE35B /* FirstViewController.h */,
				95DBA8391DD953B300DCE35B /* FirstViewController.m */,
				95DBA83B1DD953B300DCE35B /* SecondViewController.h */,
				95DBA83C1DD953B300DCE35B /* SecondViewController.m */,
				95DBA84C1DD95CE200DCE35B /* StepperValueLabel.h */,
				95DBA84D1DD95CE200DCE35B /* StepperValueLabel.m */,
				95DBA83E1DD953B300DCE35B /* Main.storyboard */,
				95DBA8411DD953B300DCE35B /* Assets.xcassets */,
				95DBA8431DD953B300DCE35B /* LaunchScreen.storyboard */,
				95DBA8461DD953B300DCE35B /* Info.plist */,
				95DBA8321DD953B300DCE35B /* Supporting Files */,
			);
			path = notificationWork;
			sourceTree = "<group>";
		};
		95DBA8321DD953B300DCE35B /* Supporting Files */ = {
			isa = PBXGroup;
			children = (
				95DBA8331DD953B300DCE35B /* main.m */,
			);
			name = "Supporting Files";
			sourceTree = "<group>";
		};
/* End PBXGroup section */

/* Begin PBXNativeTarget section */
		95DBA82E1DD953B300DCE35B /* notificationWork */ = {
			isa = PBXNativeTarget;
			buildConfigurationList = 95DBA8491DD953B300DCE35B /* Build configuration list for PBXNativeTarget "notificationWork" */;
			buildPhases = (
				95DBA82B1DD953B300DCE35B /* Sources */,
				95DBA82C1DD953B300DCE35B /* Frameworks */,
				95DBA82D1DD953B300DCE35B /* Resources */,
			);
			buildRules = (
			);
			dependencies = (
			);
			name = notificationWork;
			productName = notificationWork;
			productReference = 95DBA82F1DD953B300DCE35B /* notificationWork.app */;
			productType = "com.apple.product-type.application";
		};
/* End PBXNativeTarget section */

/* Begin PBXProject section */
		95DBA8271DD953B300DCE35B /* Project object */ = {
			isa = PBXProject;
			attributes = {
				LastUpgradeCheck = 0800;
				ORGANIZATIONNAME = "Matthew Mauro";
				TargetAttributes = {
					95DBA82E1DD953B300DCE35B = {
						CreatedOnToolsVersion = 8.0;
						DevelopmentTeam = G3KYTESUM8;
						ProvisioningStyle = Automatic;
					};
				};
			};
			buildConfigurationList = 95DBA82A1DD953B300DCE35B /* Build configuration list for PBXProject "notificationWork" */;
			compatibilityVersion = "Xcode 3.2";
			developmentRegion = English;
			hasScannedForEncodings = 0;
			knownRegions = (
				en,
				Base,
			);
			mainGroup = 95DBA8261DD953B300DCE35B;
			productRefGroup = 95DBA8301DD953B300DCE35B /* Products */;
			projectDirPath = "";
			projectRoot = "";
			targets = (
				95DBA82E1DD953B300DCE35B /* notificationWork */,
			);
		};
/* End PBXProject section */

/* Begin PBXResourcesBuildPhase section */
		95DBA82D1DD953B300DCE35B /* Resources */ = {
			isa = PBXResourcesBuildPhase;
			buildActionMask = 2147483647;
			files = (
				95DBA8451DD953B300DCE35B /* LaunchScreen.storyboard in Resources */,
				95DBA8421DD953B300DCE35B /* Assets.xcassets in Resources */,
				95DBA8401DD953B300DCE35B /* Main.storyboard in Resources */,
			);
			runOnlyForDeploymentPostprocessing = 0;
		};
/* End PBXResourcesBuildPhase section */

/* Begin PBXSourcesBuildPhase section */
		95DBA82B1DD953B300DCE35B /* Sources */ = {
			isa = PBXSourcesBuildPhase;
			buildActionMask = 2147483647;
			files = (
				95DBA83D1DD953B300DCE35B /* SecondViewController.m in Sources */,
				95DBA8371DD953B300DCE35B /* AppDelegate.m in Sources */,
				95DBA84E1DD95CE200DCE35B /* StepperValueLabel.m in Sources */,
				95DBA83A1DD953B300DCE35B /* FirstViewController.m in Sources */,
				95DBA8341DD953B300DCE35B /* main.m in Sources */,
			);
			runOnlyForDeploymentPostprocessing = 0;
		};
/* End PBXSourcesBuildPhase section */

/* Begin PBXVariantGroup section */
		95DBA83E1DD953B300DCE35B /* Main.storyboard */ = {
			isa = PBXVariantGroup;
			children = (
				95DBA83F1DD953B300DCE35B /* Base */,
			);
			name = Main.storyboard;
			sourceTree = "<group>";
		};
		95DBA8431DD953B300DCE35B /* LaunchScreen.storyboard */ = {
			isa = PBXVariantGroup;
			children = (
				95DBA8441DD953B300DCE35B /* Base */,
			);
			name = LaunchScreen.storyboard;
			sourceTree = "<group>";
		};
/* End PBXVariantGroup section */

/* Begin XCBuildConfiguration section */
		95DBA8471DD953B300DCE35B /* Debug */ = {
			isa = XCBuildConfiguration;
			buildSettings = {
				ALWAYS_SEARCH_USER_PATHS = NO;
				CLANG_ANALYZER_NONNULL = YES;
				CLANG_CXX_LANGUAGE_STANDARD = "gnu++0x";
				CLANG_CXX_LIBRARY = "libc++";
				CLANG_ENABLE_MODULES = YES;
				CLANG_ENABLE_OBJC_ARC = YES;
				CLANG_WARN_BOOL_CONVERSION = YES;
				CLANG_WARN_CONSTANT_CONVERSION = YES;
				CLANG_WARN_DIRECT_OBJC_ISA_USAGE = YES_ERROR;
				CLANG_WARN_DOCUMENTATION_COMMENTS = YES;
				CLANG_WARN_EMPTY_BODY = YES;
				CLANG_WARN_ENUM_CONVERSION = YES;
				CLANG_WARN_INFINITE_RECURSION = YES;
				CLANG_WARN_INT_CONVERSION = YES;
				CLANG_WARN_OBJC_ROOT_CLASS = YES_ERROR;
				CLANG_WARN_SUSPICIOUS_MOVES = YES;
				CLANG_WARN_UNREACHABLE_CODE = YES;
				CLANG_WARN__DUPLICATE_METHOD_MATCH = YES;
				"CODE_SIGN_IDENTITY[sdk=iphoneos*]" = "iPhone Developer";
				COPY_PHASE_STRIP = NO;
				DEBUG_INFORMATION_FORMAT = dwarf;
				ENABLE_STRICT_OBJC_MSGSEND = YES;
				ENABLE_TESTABILITY = YES;
				GCC_C_LANGUAGE_STANDARD = gnu99;
				GCC_DYNAMIC_NO_PIC = NO;
				GCC_NO_COMMON_BLOCKS = YES;
				GCC_OPTIMIZATION_LEVEL = 0;
				GCC_PREPROCESSOR_DEFINITIONS = (
					"DEBUG=1",
					"$(inherited)",
				);
				GCC_WARN_64_TO_32_BIT_CONVERSION = YES;
				GCC_WARN_ABOUT_RETURN_TYPE = YES_ERROR;
				GCC_WARN_UNDECLARED_SELECTOR = YES;
				GCC_WARN_UNINITIALIZED_AUTOS = YES_AGGRESSIVE;
				GCC_WARN_UNUSED_FUNCTION = YES;
				GCC_WARN_UNUSED_VARIABLE = YES;
				IPHONEOS_DEPLOYMENT_TARGET = 10.0;
				MTL_ENABLE_DEBUG_INFO = YES;
				ONLY_ACTIVE_ARCH = YES;
				SDKROOT = iphoneos;
			};
			name = Debug;
		};
		95DBA8481DD953B300DCE35B /* Release */ = {
			isa = XCBuildConfiguration;
			buildSettings = {
				ALWAYS_SEARCH_USER_PATHS = NO;
				CLANG_ANALYZER_NONNULL = YES;
				CLANG_CXX_LANGUAGE_STANDARD = "gnu++0x";
				CLANG_CXX_LIBRARY = "libc++";
				CLANG_ENABLE_MODULES = YES;
				CLANG_ENABLE_OBJC_ARC = YES;
				CLANG_WARN_BOOL_CONVERSION = YES;
				CLANG_WARN_CONSTANT_CONVERSION = YES;
				CLANG_WARN_DIRECT_OBJC_ISA_USAGE = YES_ERROR;
				CLANG_WARN_DOCUMENTATION_COMMENTS = YES;
				CLANG_WARN_EMPTY_BODY = YES;
				CLANG_WARN_ENUM_CONVERSION = YES;
				CLANG_WARN_INFINITE_RECURSION = YES;
				CLANG_WARN_INT_CONVERSION = YES;
				CLANG_WARN_OBJC_ROOT_CLASS = YES_ERROR;
				CLANG_WARN_SUSPICIOUS_MOVES = YES;
				CLANG_WARN_UNREACHABLE_CODE = YES;
				CLANG_WARN__DUPLICATE_METHOD_MATCH = YES;
				"CODE_SIGN_IDENTITY[sdk=iphoneos*]" = "iPhone Developer";
				COPY_PHASE_STRIP = NO;
				DEBUG_INFORMATION_FORMAT = "dwarf-with-dsym";
				ENABLE_NS_ASSERTIONS = NO;
				ENABLE_STRICT_OBJC_MSGSEND = YES;
				GCC_C_LANGUAGE_STANDARD = gnu99;
				GCC_NO_COMMON_BLOCKS = YES;
				GCC_WARN_64_TO_32_BIT_CONVERSION = YES;
				GCC_WARN_ABOUT_RETURN_TYPE = YES_ERROR;
				GCC_WARN_UNDECLARED_SELECTOR = YES;
				GCC_WARN_UNINITIALIZED_AUTOS = YES_AGGRESSIVE;
				GCC_WARN_UNUSED_FUNCTION = YES;
				GCC_WARN_UNUSED_VARIABLE = YES;
				IPHONEOS_DEPLOYMENT_TARGET = 10.0;
				MTL_ENABLE_DEBUG_INFO = NO;
				SDKROOT = iphoneos;
				VALIDATE_PRODUCT = YES;
			};
			name = Release;
		};
		95DBA84A1DD953B300DCE35B /* Debug */ = {
			isa = XCBuildConfiguration;
			buildSettings = {
				ASSETCATALOG_COMPILER_APPICON_NAME = AppIcon;
				DEVELOPMENT_TEAM = G3KYTESUM8;
				INFOPLIST_FILE = notificationWork/Info.plist;
				LD_RUNPATH_SEARCH_PATHS = "$(inherited) @executable_path/Frameworks";
				PRODUCT_BUNDLE_IDENTIFIER = kurokakari.notificationWork;
				PRODUCT_NAME = "$(TARGET_NAME)";
			};
			name = Debug;
		};
		95DBA84B1DD953B300DCE35B /* Release */ = {
			isa = XCBuildConfiguration;
			buildSettings = {
				ASSETCATALOG_COMPILER_APPICON_NAME = AppIcon;
				DEVELOPMENT_TEAM = G3KYTESUM8;
				INFOPLIST_FILE = notificationWork/Info.plist;
				LD_RUNPATH_SEARCH_PATHS = "$(inherited) @executable_path/Frameworks";
				PRODUCT_BUNDLE_IDENTIFIER = kurokakari.notificationWork;
				PRODUCT_NAME = "$(TARGET_NAME)";
			};
			name = Release;
		};
/* End XCBuildConfiguration section */

/* Begin XCConfigurationList section */
		95DBA82A1DD953B300DCE35B /* Build configuration list for PBXProject "notificationWork" */ = {
			isa = XCConfigurationList;
			buildConfigurations = (
				95DBA8471DD953B300DCE35B /* Debug */,
				95DBA8481DD953B300DCE35B /* Release */,
			);
			defaultConfigurationIsVisible = 0;
			defaultConfigurationName = Release;
		};
		95DBA8491DD953B300DCE35B /* Build configuration list for PBXNativeTarget "notificationWork" */ = {
			isa = XCConfigurationList;
			buildConfigurations = (
				95DBA84A1DD953B300DCE35B /* Debug */,
				95DBA84B1DD953B300DCE35B /* Release */,
			);
			defaultConfigurationIsVisible = 0;
		};
/* End XCConfigurationList section */
	};
	rootObject = 95DBA8271DD953B300DCE35B /* Project object */;
}
